
Microsoft Visual Studio Solution File, Format Version 12.00
# Visual Studio Version 17
VisualStudioVersion = 17.5.002.0
MinimumVisualStudioVersion = 10.0.40219.1
Project("{9A19103F-16F7-4668-BE54-9A1E7A4F7556}") = "gustav", "gustav.csproj", "{0C2FEF15-CC35-43A6-8D6C-D7F4B64FF7FC}"
EndProject
Global
	GlobalSection(SolutionConfigurationPlatforms) = preSolution
		Debug|Any CPU = Debug|Any CPU
		Release|Any CPU = Release|Any CPU
	EndGlobalSection
	GlobalSection(ProjectConfigurationPlatforms) = postSolution
		{0C2FEF15-CC35-43A6-8D6C-D7F4B64FF7FC}.Debug|Any CPU.ActiveCfg = Debug|Any CPU
		{0C2FEF15-CC35-43A6-8D6C-D7F4B64FF7FC}.Debug|Any CPU.Build.0 = Debug|Any CPU
		{0C2FEF15-CC35-43A6-8D6C-D7F4B64FF7FC}.Release|Any CPU.ActiveCfg = Release|Any CPU
		{0C2FEF15-CC35-43A6-8D6C-D7F4B64FF7FC}.Release|Any CPU.Build.0 = Release|Any CPU
	EndGlobalSection
	GlobalSection(SolutionProperties) = preSolution
		HideSolutionNode = FALSE
	EndGlobalSection
	GlobalSection(ExtensibilityGlobals) = postSolution
		SolutionGuid = {717F17EA-E25E-4920-8D74-86CB531EFABA}
	EndGlobalSection
EndGlobal
